
Microsoft Visual Studio Solution File, Format Version 12.00
# Visual Studio 15
VisualStudioVersion = 15.0.27130.2010
MinimumVisualStudioVersion = 10.0.40219.1
Project("{FAE04EC0-301F-11D3-BF4B-00C04F79EFBC}") = "Fan.GDBM", "SysMain\Fan.GDBM.csproj", "{FF8FDB39-57AA-4F05-8F35-911D431BBC94}"
EndProject
Project("{FAE04EC0-301F-11D3-BF4B-00C04F79EFBC}") = "ElementCommandTool", "ElementCommandTool\ElementCommandTool.csproj", "{FD4032B6-1D66-4464-86B6-40DC2EF15E18}"
EndProject
Project("{FAE04EC0-301F-11D3-BF4B-00C04F79EFBC}") = "GeoDataCenterFunLib", "GeoDataCenterFunLib\GeoDataCenterFunLib.csproj", "{D60941B6-1AF7-4A25-8DFF-EEA1460236AD}"
EndProject
Project("{FAE04EC0-301F-11D3-BF4B-00C04F79EFBC}") = "FileDBTool", "FileDBTool\FileDBTool.csproj", "{E2E538DF-8658-487A-908A-950E61647B25}"
EndProject
Project("{FAE04EC0-301F-11D3-BF4B-00C04F79EFBC}") = "GeoArcScene3DAnalyse", "GeoArcScene3DAnalyse\GeoArcScene3DAnalyse.csproj", "{09CE756C-CA8F-4D35-8E69-2F57A8DD94E3}"
EndProject
Project("{FAE04EC0-301F-11D3-BF4B-00C04F79EFBC}") = "GeoDataEdit", "GeoDataEdit\GeoDataEdit.csproj", "{7C0CD46C-B236-47D2-AD33-83C0846B6D48}"
EndProject
Project("{FAE04EC0-301F-11D3-BF4B-00C04F79EFBC}") = "GeoDataExport", "GeoDataExport\GeoDataExport.csproj", "{6A5218D0-98B4-4962-B81B-259160D1953C}"
EndProject
Project("{FAE04EC0-301F-11D3-BF4B-00C04F79EFBC}") = "Fan.DataManagerView", "GeoDataManagerFrame\Fan.DataManagerView.csproj", "{112D2A3E-C106-4A11-A8ED-AB7786B81CFD}"
EndProject
Project("{FAE04EC0-301F-11D3-BF4B-00C04F79EFBC}") = "GeoDBATool", "GeoDBATool\GeoDBATool.csproj", "{392B05F9-B0D9-4843-AF74-13AA95825940}"
EndProject
Project("{FAE04EC0-301F-11D3-BF4B-00C04F79EFBC}") = "GeoDBConfigFrame", "GeoDBConfigFrame\GeoDBConfigFrame.csproj", "{561E5055-3CE3-4220-824B-D077B952099E}"
EndProject
Project("{FAE04EC0-301F-11D3-BF4B-00C04F79EFBC}") = "GeoDBIntegration", "GeoDBIntegration\GeoDBIntegration.csproj", "{F8E72C59-2107-45AE-B0AD-05A78A78AA39}"
EndProject
Project("{F184B08F-C81C-45F6-A57F-5ABD9991F28F}") = "GeoDrawSheetMap", "GeoDrawSheetMap\GeoDrawSheetMap.vbproj", "{9C301085-553E-4968-A0B6-493ABC74ACB0}"
EndProject
Project("{FAE04EC0-301F-11D3-BF4B-00C04F79EFBC}") = "GeoLayerTreeLib", "GeoLayerTreeLib\GeoLayerTreeLib.csproj", "{269B2FEB-C6E2-4105-9469-DA71892F77C8}"
EndProject
Project("{FAE04EC0-301F-11D3-BF4B-00C04F79EFBC}") = "GeoPageLayout", "GeoPageLayout\GeoPageLayout.csproj", "{3F97FA5B-EEDB-4E74-8068-7017F9CD335B}"
EndProject
Project("{FAE04EC0-301F-11D3-BF4B-00C04F79EFBC}") = "GeoProperties", "GeoProperties\GeoProperties.csproj", "{B3516D71-DEF2-447A-9A74-14038883BB01}"
EndProject
Project("{FAE04EC0-301F-11D3-BF4B-00C04F79EFBC}") = "GeoStatistics", "GeoStatistics\GeoStatistics.csproj", "{70CC952C-F9ED-4AAE-8399-3D34C3A58D26}"
EndProject
Project("{FAE04EC0-301F-11D3-BF4B-00C04F79EFBC}") = "GeoSymbology", "GeoSymbology\GeoSymbology.csproj", "{3C433A2D-43B2-491E-851A-347C67A5F130}"
EndProject
Project("{FAE04EC0-301F-11D3-BF4B-00C04F79EFBC}") = "Fan.SysSetting", "GeoSysSetting\Fan.SysSetting.csproj", "{178FDFAE-537B-48F2-9F9C-5AE12848F42C}"
EndProject
Project("{FAE04EC0-301F-11D3-BF4B-00C04F79EFBC}") = "GeoSysUpdate", "GeoSysUpdate\GeoSysUpdate.csproj", "{BFADF39C-0213-4784-8CDD-29AB42827516}"
EndProject
Project("{FAE04EC0-301F-11D3-BF4B-00C04F79EFBC}") = "GeoUserManager", "GeoUserManager\GeoUserManager.csproj", "{0D71ED7B-90BA-4530-87CC-720862623561}"
EndProject
Project("{FAE04EC0-301F-11D3-BF4B-00C04F79EFBC}") = "GeoUtilities", "GeoUtilities\GeoUtilities.csproj", "{AE24821E-0814-4C91-A076-D647201DAC9B}"
EndProject
Project("{FAE04EC0-301F-11D3-BF4B-00C04F79EFBC}") = "Fan.Plugin", "Plugin\Fan.Plugin.csproj", "{BC54CBAD-763E-40E5-B2C4-FF9FAA9CC318}"
EndProject
Project("{FAE04EC0-301F-11D3-BF4B-00C04F79EFBC}") = "Fan.Common", "SysCommon\Fan.Common.csproj", "{D0D978A2-2F5A-41A4-931F-72CDECD61513}"
EndProject
Project("{FAE04EC0-301F-11D3-BF4B-00C04F79EFBC}") = "SceneCommonTools", "SceneCommonTools\SceneCommonTools.csproj", "{D220ADA0-F691-416D-AAC2-3455B7490A9C}"
EndProject
Project("{FAE04EC0-301F-11D3-BF4B-00C04F79EFBC}") = "GeoHistory", "GeoHistory\GeoHistory.csproj", "{A3EEFF32-DF91-4238-93B6-D55C9F5EEA0D}"
EndProject
Project("{FAE04EC0-301F-11D3-BF4B-00C04F79EFBC}") = "GeoCustomExport", "GeoCustomExport\GeoCustomExport.csproj", "{3DABEB09-E1CD-4B99-8E1E-04DF3B777AA1}"
EndProject
Project("{2150E333-8FDC-42A3-9474-1A3956D46DE8}") = "geosys", "geosys", "{C06E141D-8F3C-4C2E-8F8F-3A994CB94CC9}"
EndProject
Project("{2150E333-8FDC-42A3-9474-1A3956D46DE8}") = "geoplugin", "geoplugin", "{39EA485F-3AA7-4173-A340-2BE3414F0583}"
EndProject
Project("{FAE04EC0-301F-11D3-BF4B-00C04F79EFBC}") = "DrawSheetMap", "DrawSheetMap\DrawSheetMap.csproj", "{ED46ED62-E155-4491-8750-1D76CEAF2CDD}"
EndProject
Project("{FAE04EC0-301F-11D3-BF4B-00C04F79EFBC}") = "Fan.DataBase", "Fan.DataBase\Fan.DataBase.csproj", "{FD4C4953-4740-47B4-B539-0B1B2C483AA6}"
EndProject
Global
	GlobalSection(SolutionConfigurationPlatforms) = preSolution
		Debug|Any CPU = Debug|Any CPU
		Debug|x86 = Debug|x86
		Release|Any CPU = Release|Any CPU
		Release|x86 = Release|x86
	EndGlobalSection
	GlobalSection(ProjectConfigurationPlatforms) = postSolution
		{FF8FDB39-57AA-4F05-8F35-911D431BBC94}.Debug|Any CPU.ActiveCfg = Debug|Any CPU
		{FF8FDB39-57AA-4F05-8F35-911D431BBC94}.Debug|Any CPU.Build.0 = Debug|Any CPU
		{FF8FDB39-57AA-4F05-8F35-911D431BBC94}.Debug|x86.ActiveCfg = Debug|Any CPU
		{FF8FDB39-57AA-4F05-8F35-911D431BBC94}.Debug|x86.Build.0 = Debug|Any CPU
		{FF8FDB39-57AA-4F05-8F35-911D431BBC94}.Release|Any CPU.ActiveCfg = Release|Any CPU
		{FF8FDB39-57AA-4F05-8F35-911D431BBC94}.Release|Any CPU.Build.0 = Release|Any CPU
		{FF8FDB39-57AA-4F05-8F35-911D431BBC94}.Release|x86.ActiveCfg = Release|Any CPU
		{FF8FDB39-57AA-4F05-8F35-911D431BBC94}.Release|x86.Build.0 = Release|Any CPU
		{FD4032B6-1D66-4464-86B6-40DC2EF15E18}.Debug|Any CPU.ActiveCfg = Debug|Any CPU
		{FD4032B6-1D66-4464-86B6-40DC2EF15E18}.Debug|Any CPU.Build.0 = Debug|Any CPU
		{FD4032B6-1D66-4464-86B6-40DC2EF15E18}.Debug|x86.ActiveCfg = Debug|Any CPU
		{FD4032B6-1D66-4464-86B6-40DC2EF15E18}.Release|Any CPU.ActiveCfg = Release|Any CPU
		{FD4032B6-1D66-4464-86B6-40DC2EF15E18}.Release|Any CPU.Build.0 = Release|Any CPU
		{FD4032B6-1D66-4464-86B6-40DC2EF15E18}.Release|x86.ActiveCfg = Release|Any CPU
		{D60941B6-1AF7-4A25-8DFF-EEA1460236AD}.Debug|Any CPU.ActiveCfg = Debug|Any CPU
		{D60941B6-1AF7-4A25-8DFF-EEA1460236AD}.Debug|Any CPU.Build.0 = Debug|Any CPU
		{D60941B6-1AF7-4A25-8DFF-EEA1460236AD}.Debug|x86.ActiveCfg = Debug|Any CPU
		{D60941B6-1AF7-4A25-8DFF-EEA1460236AD}.Release|Any CPU.ActiveCfg = Release|Any CPU
		{D60941B6-1AF7-4A25-8DFF-EEA1460236AD}.Release|Any CPU.Build.0 = Release|Any CPU
		{D60941B6-1AF7-4A25-8DFF-EEA1460236AD}.Release|x86.ActiveCfg = Release|Any CPU
		{E2E538DF-8658-487A-908A-950E61647B25}.Debug|Any CPU.ActiveCfg = Debug|Any CPU
		{E2E538DF-8658-487A-908A-950E61647B25}.Debug|Any CPU.Build.0 = Debug|Any CPU
		{E2E538DF-8658-487A-908A-950E61647B25}.Debug|x86.ActiveCfg = Debug|Any CPU
		{E2E538DF-8658-487A-908A-950E61647B25}.Release|Any CPU.ActiveCfg = Release|Any CPU
		{E2E538DF-8658-487A-908A-950E61647B25}.Release|Any CPU.Build.0 = Release|Any CPU
		{E2E538DF-8658-487A-908A-950E61647B25}.Release|x86.ActiveCfg = Release|Any CPU
		{09CE756C-CA8F-4D35-8E69-2F57A8DD94E3}.Debug|Any CPU.ActiveCfg = Debug|Any CPU
		{09CE756C-CA8F-4D35-8E69-2F57A8DD94E3}.Debug|Any CPU.Build.0 = Debug|Any CPU
		{09CE756C-CA8F-4D35-8E69-2F57A8DD94E3}.Debug|x86.ActiveCfg = Debug|Any CPU
		{09CE756C-CA8F-4D35-8E69-2F57A8DD94E3}.Release|Any CPU.ActiveCfg = Release|Any CPU
		{09CE756C-CA8F-4D35-8E69-2F57A8DD94E3}.Release|Any CPU.Build.0 = Release|Any CPU
		{09CE756C-CA8F-4D35-8E69-2F57A8DD94E3}.Release|x86.ActiveCfg = Release|Any CPU
		{7C0CD46C-B236-47D2-AD33-83C0846B6D48}.Debug|Any CPU.ActiveCfg = Debug|Any CPU
		{7C0CD46C-B236-47D2-AD33-83C0846B6D48}.Debug|Any CPU.Build.0 = Debug|Any CPU
		{7C0CD46C-B236-47D2-AD33-83C0846B6D48}.Debug|x86.ActiveCfg = Debug|Any CPU
		{7C0CD46C-B236-47D2-AD33-83C0846B6D48}.Release|Any CPU.ActiveCfg = Release|Any CPU
		{7C0CD46C-B236-47D2-AD33-83C0846B6D48}.Release|Any CPU.Build.0 = Release|Any CPU
		{7C0CD46C-B236-47D2-AD33-83C0846B6D48}.Release|x86.ActiveCfg = Release|Any CPU
		{6A5218D0-98B4-4962-B81B-259160D1953C}.Debug|Any CPU.ActiveCfg = Debug|Any CPU
		{6A5218D0-98B4-4962-B81B-259160D1953C}.Debug|Any CPU.Build.0 = Debug|Any CPU
		{6A5218D0-98B4-4962-B81B-259160D1953C}.Debug|x86.ActiveCfg = Debug|Any CPU
		{6A5218D0-98B4-4962-B81B-259160D1953C}.Release|Any CPU.ActiveCfg = Release|Any CPU
		{6A5218D0-98B4-4962-B81B-259160D1953C}.Release|Any CPU.Build.0 = Release|Any CPU
		{6A5218D0-98B4-4962-B81B-259160D1953C}.Release|x86.ActiveCfg = Release|Any CPU
		{112D2A3E-C106-4A11-A8ED-AB7786B81CFD}.Debug|Any CPU.ActiveCfg = Debug|Any CPU
		{112D2A3E-C106-4A11-A8ED-AB7786B81CFD}.Debug|Any CPU.Build.0 = Debug|Any CPU
		{112D2A3E-C106-4A11-A8ED-AB7786B81CFD}.Debug|x86.ActiveCfg = Debug|Any CPU
		{112D2A3E-C106-4A11-A8ED-AB7786B81CFD}.Debug|x86.Build.0 = Debug|Any CPU
		{112D2A3E-C106-4A11-A8ED-AB7786B81CFD}.Release|Any CPU.ActiveCfg = Release|Any CPU
		{112D2A3E-C106-4A11-A8ED-AB7786B81CFD}.Release|Any CPU.Build.0 = Release|Any CPU
		{112D2A3E-C106-4A11-A8ED-AB7786B81CFD}.Release|x86.ActiveCfg = Release|Any CPU
		{392B05F9-B0D9-4843-AF74-13AA95825940}.Debug|Any CPU.ActiveCfg = Debug|Any CPU
		{392B05F9-B0D9-4843-AF74-13AA95825940}.Debug|Any CPU.Build.0 = Debug|Any CPU
		{392B05F9-B0D9-4843-AF74-13AA95825940}.Debug|x86.ActiveCfg = Debug|Any CPU
		{392B05F9-B0D9-4843-AF74-13AA95825940}.Release|Any CPU.ActiveCfg = Release|Any CPU
		{392B05F9-B0D9-4843-AF74-13AA95825940}.Release|Any CPU.Build.0 = Release|Any CPU
		{392B05F9-B0D9-4843-AF74-13AA95825940}.Release|x86.ActiveCfg = Release|Any CPU
		{561E5055-3CE3-4220-824B-D077B952099E}.Debug|Any CPU.ActiveCfg = Debug|Any CPU
		{561E5055-3CE3-4220-824B-D077B952099E}.Debug|Any CPU.Build.0 = Debug|Any CPU
		{561E5055-3CE3-4220-824B-D077B952099E}.Debug|x86.ActiveCfg = Debug|Any CPU
		{561E5055-3CE3-4220-824B-D077B952099E}.Release|Any CPU.ActiveCfg = Release|Any CPU
		{561E5055-3CE3-4220-824B-D077B952099E}.Release|Any CPU.Build.0 = Release|Any CPU
		{561E5055-3CE3-4220-824B-D077B952099E}.Release|x86.ActiveCfg = Release|Any CPU
		{F8E72C59-2107-45AE-B0AD-05A78A78AA39}.Debug|Any CPU.ActiveCfg = Debug|Any CPU
		{F8E72C59-2107-45AE-B0AD-05A78A78AA39}.Debug|Any CPU.Build.0 = Debug|Any CPU
		{F8E72C59-2107-45AE-B0AD-05A78A78AA39}.Debug|x86.ActiveCfg = Debug|Any CPU
		{F8E72C59-2107-45AE-B0AD-05A78A78AA39}.Release|Any CPU.ActiveCfg = Release|Any CPU
		{F8E72C59-2107-45AE-B0AD-05A78A78AA39}.Release|Any CPU.Build.0 = Release|Any CPU
		{F8E72C59-2107-45AE-B0AD-05A78A78AA39}.Release|x86.ActiveCfg = Release|Any CPU
		{9C301085-553E-4968-A0B6-493ABC74ACB0}.Debug|Any CPU.ActiveCfg = Debug|Any CPU
		{9C301085-553E-4968-A0B6-493ABC74ACB0}.Debug|Any CPU.Build.0 = Debug|Any CPU
		{9C301085-553E-4968-A0B6-493ABC74ACB0}.Debug|x86.ActiveCfg = Debug|Any CPU
		{9C301085-553E-4968-A0B6-493ABC74ACB0}.Release|Any CPU.ActiveCfg = Release|Any CPU
		{9C301085-553E-4968-A0B6-493ABC74ACB0}.Release|Any CPU.Build.0 = Release|Any CPU
		{9C301085-553E-4968-A0B6-493ABC74ACB0}.Release|x86.ActiveCfg = Release|Any CPU
		{269B2FEB-C6E2-4105-9469-DA71892F77C8}.Debug|Any CPU.ActiveCfg = Debug|Any CPU
		{269B2FEB-C6E2-4105-9469-DA71892F77C8}.Debug|Any CPU.Build.0 = Debug|Any CPU
		{269B2FEB-C6E2-4105-9469-DA71892F77C8}.Debug|x86.ActiveCfg = Debug|Any CPU
		{269B2FEB-C6E2-4105-9469-DA71892F77C8}.Release|Any CPU.ActiveCfg = Release|Any CPU
		{269B2FEB-C6E2-4105-9469-DA71892F77C8}.Release|Any CPU.Build.0 = Release|Any CPU
		{269B2FEB-C6E2-4105-9469-DA71892F77C8}.Release|x86.ActiveCfg = Release|Any CPU
		{3F97FA5B-EEDB-4E74-8068-7017F9CD335B}.Debug|Any CPU.ActiveCfg = Debug|Any CPU
		{3F97FA5B-EEDB-4E74-8068-7017F9CD335B}.Debug|Any CPU.Build.0 = Debug|Any CPU
		{3F97FA5B-EEDB-4E74-8068-7017F9CD335B}.Debug|x86.ActiveCfg = Debug|Any CPU
		{3F97FA5B-EEDB-4E74-8068-7017F9CD335B}.Release|Any CPU.ActiveCfg = Release|Any CPU
		{3F97FA5B-EEDB-4E74-8068-7017F9CD335B}.Release|Any CPU.Build.0 = Release|Any CPU
		{3F97FA5B-EEDB-4E74-8068-7017F9CD335B}.Release|x86.ActiveCfg = Release|Any CPU
		{B3516D71-DEF2-447A-9A74-14038883BB01}.Debug|Any CPU.ActiveCfg = Debug|Any CPU
		{B3516D71-DEF2-447A-9A74-14038883BB01}.Debug|Any CPU.Build.0 = Debug|Any CPU
		{B3516D71-DEF2-447A-9A74-14038883BB01}.Debug|x86.ActiveCfg = Debug|Any CPU
		{B3516D71-DEF2-447A-9A74-14038883BB01}.Release|Any CPU.ActiveCfg = Release|Any CPU
		{B3516D71-DEF2-447A-9A74-14038883BB01}.Release|Any CPU.Build.0 = Release|Any CPU
		{B3516D71-DEF2-447A-9A74-14038883BB01}.Release|x86.ActiveCfg = Release|Any CPU
		{70CC952C-F9ED-4AAE-8399-3D34C3A58D26}.Debug|Any CPU.ActiveCfg = Debug|Any CPU
		{70CC952C-F9ED-4AAE-8399-3D34C3A58D26}.Debug|Any CPU.Build.0 = Debug|Any CPU
		{70CC952C-F9ED-4AAE-8399-3D34C3A58D26}.Debug|x86.ActiveCfg = Debug|x86
		{70CC952C-F9ED-4AAE-8399-3D34C3A58D26}.Release|Any CPU.ActiveCfg = Release|Any CPU
		{70CC952C-F9ED-4AAE-8399-3D34C3A58D26}.Release|Any CPU.Build.0 = Release|Any CPU
		{70CC952C-F9ED-4AAE-8399-3D34C3A58D26}.Release|x86.ActiveCfg = Release|x86
		{3C433A2D-43B2-491E-851A-347C67A5F130}.Debug|Any CPU.ActiveCfg = Debug|Any CPU
		{3C433A2D-43B2-491E-851A-347C67A5F130}.Debug|Any CPU.Build.0 = Debug|Any CPU
		{3C433A2D-43B2-491E-851A-347C67A5F130}.Debug|x86.ActiveCfg = Debug|Any CPU
		{3C433A2D-43B2-491E-851A-347C67A5F130}.Release|Any CPU.ActiveCfg = Release|Any CPU
		{3C433A2D-43B2-491E-851A-347C67A5F130}.Release|Any CPU.Build.0 = Release|Any CPU
		{3C433A2D-43B2-491E-851A-347C67A5F130}.Release|x86.ActiveCfg = Release|Any CPU
		{178FDFAE-537B-48F2-9F9C-5AE12848F42C}.Debug|Any CPU.ActiveCfg = Debug|Any CPU
		{178FDFAE-537B-48F2-9F9C-5AE12848F42C}.Debug|Any CPU.Build.0 = Debug|Any CPU
		{178FDFAE-537B-48F2-9F9C-5AE12848F42C}.Debug|x86.ActiveCfg = Debug|Any CPU
		{178FDFAE-537B-48F2-9F9C-5AE12848F42C}.Debug|x86.Build.0 = Debug|Any CPU
		{178FDFAE-537B-48F2-9F9C-5AE12848F42C}.Release|Any CPU.ActiveCfg = Release|Any CPU
		{178FDFAE-537B-48F2-9F9C-5AE12848F42C}.Release|Any CPU.Build.0 = Release|Any CPU
		{178FDFAE-537B-48F2-9F9C-5AE12848F42C}.Release|x86.ActiveCfg = Release|Any CPU
		{BFADF39C-0213-4784-8CDD-29AB42827516}.Debug|Any CPU.ActiveCfg = Debug|Any CPU
		{BFADF39C-0213-4784-8CDD-29AB42827516}.Debug|Any CPU.Build.0 = Debug|Any CPU
		{BFADF39C-0213-4784-8CDD-29AB42827516}.Debug|x86.ActiveCfg = Debug|x86
		{BFADF39C-0213-4784-8CDD-29AB42827516}.Release|Any CPU.ActiveCfg = Release|Any CPU
		{BFADF39C-0213-4784-8CDD-29AB42827516}.Release|Any CPU.Build.0 = Release|Any CPU
		{BFADF39C-0213-4784-8CDD-29AB42827516}.Release|x86.ActiveCfg = Release|x86
		{0D71ED7B-90BA-4530-87CC-720862623561}.Debug|Any CPU.ActiveCfg = Debug|Any CPU
		{0D71ED7B-90BA-4530-87CC-720862623561}.Debug|Any CPU.Build.0 = Debug|Any CPU
		{0D71ED7B-90BA-4530-87CC-720862623561}.Debug|x86.ActiveCfg = Debug|x86
		{0D71ED7B-90BA-4530-87CC-720862623561}.Release|Any CPU.ActiveCfg = Release|Any CPU
		{0D71ED7B-90BA-4530-87CC-720862623561}.Release|Any CPU.Build.0 = Release|Any CPU
		{0D71ED7B-90BA-4530-87CC-720862623561}.Release|x86.ActiveCfg = Release|x86
		{AE24821E-0814-4C91-A076-D647201DAC9B}.Debug|Any CPU.ActiveCfg = Debug|Any CPU
		{AE24821E-0814-4C91-A076-D647201DAC9B}.Debug|Any CPU.Build.0 = Debug|Any CPU
		{AE24821E-0814-4C91-A076-D647201DAC9B}.Debug|x86.ActiveCfg = Debug|Any CPU
		{AE24821E-0814-4C91-A076-D647201DAC9B}.Release|Any CPU.ActiveCfg = Release|Any CPU
		{AE24821E-0814-4C91-A076-D647201DAC9B}.Release|Any CPU.Build.0 = Release|Any CPU
		{AE24821E-0814-4C91-A076-D647201DAC9B}.Release|x86.ActiveCfg = Release|Any CPU
		{BC54CBAD-763E-40E5-B2C4-FF9FAA9CC318}.Debug|Any CPU.ActiveCfg = Debug|Any CPU
		{BC54CBAD-763E-40E5-B2C4-FF9FAA9CC318}.Debug|Any CPU.Build.0 = Debug|Any CPU
		{BC54CBAD-763E-40E5-B2C4-FF9FAA9CC318}.Debug|x86.ActiveCfg = Debug|Any CPU
		{BC54CBAD-763E-40E5-B2C4-FF9FAA9CC318}.Debug|x86.Build.0 = Debug|Any CPU
		{BC54CBAD-763E-40E5-B2C4-FF9FAA9CC318}.Release|Any CPU.ActiveCfg = Release|Any CPU
		{BC54CBAD-763E-40E5-B2C4-FF9FAA9CC318}.Release|Any CPU.Build.0 = Release|Any CPU
		{BC54CBAD-763E-40E5-B2C4-FF9FAA9CC318}.Release|x86.ActiveCfg = Release|Any CPU
		{BC54CBAD-763E-40E5-B2C4-FF9FAA9CC318}.Release|x86.Build.0 = Release|Any CPU
		{D0D978A2-2F5A-41A4-931F-72CDECD61513}.Debug|Any CPU.ActiveCfg = Debug|Any CPU
		{D0D978A2-2F5A-41A4-931F-72CDECD61513}.Debug|Any CPU.Build.0 = Debug|Any CPU
		{D0D978A2-2F5A-41A4-931F-72CDECD61513}.Debug|x86.ActiveCfg = Debug|Any CPU
		{D0D978A2-2F5A-41A4-931F-72CDECD61513}.Debug|x86.Build.0 = Debug|Any CPU
		{D0D978A2-2F5A-41A4-931F-72CDECD61513}.Release|Any CPU.ActiveCfg = Release|Any CPU
		{D0D978A2-2F5A-41A4-931F-72CDECD61513}.Release|Any CPU.Build.0 = Release|Any CPU
		{D0D978A2-2F5A-41A4-931F-72CDECD61513}.Release|x86.ActiveCfg = Release|Any CPU
		{D0D978A2-2F5A-41A4-931F-72CDECD61513}.Release|x86.Build.0 = Release|Any CPU
		{D220ADA0-F691-416D-AAC2-3455B7490A9C}.Debug|Any CPU.ActiveCfg = Debug|Any CPU
		{D220ADA0-F691-416D-AAC2-3455B7490A9C}.Debug|Any CPU.Build.0 = Debug|Any CPU
		{D220ADA0-F691-416D-AAC2-3455B7490A9C}.Debug|x86.ActiveCfg = Debug|Any CPU
		{D220ADA0-F691-416D-AAC2-3455B7490A9C}.Release|Any CPU.ActiveCfg = Release|Any CPU
		{D220ADA0-F691-416D-AAC2-3455B7490A9C}.Release|Any CPU.Build.0 = Release|Any CPU
		{D220ADA0-F691-416D-AAC2-3455B7490A9C}.Release|x86.ActiveCfg = Release|Any CPU
		{A3EEFF32-DF91-4238-93B6-D55C9F5EEA0D}.Debug|Any CPU.ActiveCfg = Debug|Any CPU
		{A3EEFF32-DF91-4238-93B6-D55C9F5EEA0D}.Debug|Any CPU.Build.0 = Debug|Any CPU
		{A3EEFF32-DF91-4238-93B6-D55C9F5EEA0D}.Debug|x86.ActiveCfg = Debug|Any CPU
		{A3EEFF32-DF91-4238-93B6-D55C9F5EEA0D}.Release|Any CPU.ActiveCfg = Release|Any CPU
		{A3EEFF32-DF91-4238-93B6-D55C9F5EEA0D}.Release|Any CPU.Build.0 = Release|Any CPU
		{A3EEFF32-DF91-4238-93B6-D55C9F5EEA0D}.Release|x86.ActiveCfg = Release|Any CPU
		{3DABEB09-E1CD-4B99-8E1E-04DF3B777AA1}.Debug|Any CPU.ActiveCfg = Debug|Any CPU
		{3DABEB09-E1CD-4B99-8E1E-04DF3B777AA1}.Debug|Any CPU.Build.0 = Debug|Any CPU
		{3DABEB09-E1CD-4B99-8E1E-04DF3B777AA1}.Debug|x86.ActiveCfg = Debug|Any CPU
		{3DABEB09-E1CD-4B99-8E1E-04DF3B777AA1}.Release|Any CPU.ActiveCfg = Release|Any CPU
		{3DABEB09-E1CD-4B99-8E1E-04DF3B777AA1}.Release|Any CPU.Build.0 = Release|Any CPU
		{3DABEB09-E1CD-4B99-8E1E-04DF3B777AA1}.Release|x86.ActiveCfg = Release|Any CPU
		{ED46ED62-E155-4491-8750-1D76CEAF2CDD}.Debug|Any CPU.ActiveCfg = Debug|Any CPU
		{ED46ED62-E155-4491-8750-1D76CEAF2CDD}.Debug|Any CPU.Build.0 = Debug|Any CPU
		{ED46ED62-E155-4491-8750-1D76CEAF2CDD}.Debug|x86.ActiveCfg = Debug|Any CPU
		{ED46ED62-E155-4491-8750-1D76CEAF2CDD}.Release|Any CPU.ActiveCfg = Release|Any CPU
		{ED46ED62-E155-4491-8750-1D76CEAF2CDD}.Release|Any CPU.Build.0 = Release|Any CPU
		{ED46ED62-E155-4491-8750-1D76CEAF2CDD}.Release|x86.ActiveCfg = Release|Any CPU
		{FD4C4953-4740-47B4-B539-0B1B2C483AA6}.Debug|Any CPU.ActiveCfg = Debug|x86
		{FD4C4953-4740-47B4-B539-0B1B2C483AA6}.Debug|Any CPU.Build.0 = Debug|x86
		{FD4C4953-4740-47B4-B539-0B1B2C483AA6}.Debug|x86.ActiveCfg = Debug|x86
		{FD4C4953-4740-47B4-B539-0B1B2C483AA6}.Debug|x86.Build.0 = Debug|x86
		{FD4C4953-4740-47B4-B539-0B1B2C483AA6}.Release|Any CPU.ActiveCfg = Release|Any CPU
		{FD4C4953-4740-47B4-B539-0B1B2C483AA6}.Release|Any CPU.Build.0 = Release|Any CPU
		{FD4C4953-4740-47B4-B539-0B1B2C483AA6}.Release|x86.ActiveCfg = Release|x86
		{FD4C4953-4740-47B4-B539-0B1B2C483AA6}.Release|x86.Build.0 = Release|x86
	EndGlobalSection
	GlobalSection(SolutionProperties) = preSolution
		HideSolutionNode = FALSE
	EndGlobalSection
	GlobalSection(NestedProjects) = preSolution
		{FF8FDB39-57AA-4F05-8F35-911D431BBC94} = {C06E141D-8F3C-4C2E-8F8F-3A994CB94CC9}
		{D60941B6-1AF7-4A25-8DFF-EEA1460236AD} = {39EA485F-3AA7-4173-A340-2BE3414F0583}
		{E2E538DF-8658-487A-908A-950E61647B25} = {39EA485F-3AA7-4173-A340-2BE3414F0583}
		{09CE756C-CA8F-4D35-8E69-2F57A8DD94E3} = {39EA485F-3AA7-4173-A340-2BE3414F0583}
		{7C0CD46C-B236-47D2-AD33-83C0846B6D48} = {39EA485F-3AA7-4173-A340-2BE3414F0583}
		{112D2A3E-C106-4A11-A8ED-AB7786B81CFD} = {39EA485F-3AA7-4173-A340-2BE3414F0583}
		{392B05F9-B0D9-4843-AF74-13AA95825940} = {39EA485F-3AA7-4173-A340-2BE3414F0583}
		{561E5055-3CE3-4220-824B-D077B952099E} = {39EA485F-3AA7-4173-A340-2BE3414F0583}
		{F8E72C59-2107-45AE-B0AD-05A78A78AA39} = {39EA485F-3AA7-4173-A340-2BE3414F0583}
		{3F97FA5B-EEDB-4E74-8068-7017F9CD335B} = {39EA485F-3AA7-4173-A340-2BE3414F0583}
		{70CC952C-F9ED-4AAE-8399-3D34C3A58D26} = {39EA485F-3AA7-4173-A340-2BE3414F0583}
		{178FDFAE-537B-48F2-9F9C-5AE12848F42C} = {39EA485F-3AA7-4173-A340-2BE3414F0583}
		{BFADF39C-0213-4784-8CDD-29AB42827516} = {39EA485F-3AA7-4173-A340-2BE3414F0583}
		{0D71ED7B-90BA-4530-87CC-720862623561} = {39EA485F-3AA7-4173-A340-2BE3414F0583}
		{AE24821E-0814-4C91-A076-D647201DAC9B} = {39EA485F-3AA7-4173-A340-2BE3414F0583}
		{BC54CBAD-763E-40E5-B2C4-FF9FAA9CC318} = {C06E141D-8F3C-4C2E-8F8F-3A994CB94CC9}
		{D0D978A2-2F5A-41A4-931F-72CDECD61513} = {C06E141D-8F3C-4C2E-8F8F-3A994CB94CC9}
		{D220ADA0-F691-416D-AAC2-3455B7490A9C} = {39EA485F-3AA7-4173-A340-2BE3414F0583}
		{A3EEFF32-DF91-4238-93B6-D55C9F5EEA0D} = {39EA485F-3AA7-4173-A340-2BE3414F0583}
		{3DABEB09-E1CD-4B99-8E1E-04DF3B777AA1} = {39EA485F-3AA7-4173-A340-2BE3414F0583}
		{FD4C4953-4740-47B4-B539-0B1B2C483AA6} = {C06E141D-8F3C-4C2E-8F8F-3A994CB94CC9}
	EndGlobalSection
	GlobalSection(ExtensibilityGlobals) = postSolution
		SolutionGuid = {EC22706C-4205-480C-B473-C557531935EB}
		VisualSVNWorkingCopyRoot = .
	EndGlobalSection
EndGlobal
