
Microsoft Visual Studio Solution File, Format Version 10.00
# Visual Studio 2008
Project("{F184B08F-C81C-45F6-A57F-5ABD9991F28F}") = "GeoDrawSheetMap", "GeoDrawSheetMap\GeoDrawSheetMap.vbproj", "{9C301085-553E-4968-A0B6-493ABC74ACB0}"
EndProject
Project("{FAE04EC0-301F-11D3-BF4B-00C04F79EFBC}") = "ElementCommandTool10", "ElementCommandTool\ElementCommandTool10.csproj", "{FD4032B6-1D66-4464-86B6-40DC2EF15E18}"
EndProject
Project("{FAE04EC0-301F-11D3-BF4B-00C04F79EFBC}") = "FileDBTool10", "FileDBTool\FileDBTool10.csproj", "{E2E538DF-8658-487A-908A-950E61647B25}"
EndProject
Project("{FAE04EC0-301F-11D3-BF4B-00C04F79EFBC}") = "GeoArcScene3DAnalyse10", "GeoArcScene3DAnalyse\GeoArcScene3DAnalyse10.csproj", "{09CE756C-CA8F-4D35-8E69-2F57A8DD94E3}"
EndProject
Project("{FAE04EC0-301F-11D3-BF4B-00C04F79EFBC}") = "GeoCustomExport10", "GeoCustomExport\GeoCustomExport10.csproj", "{3DABEB09-E1CD-4B99-8E1E-04DF3B777AA1}"
EndProject
Project("{FAE04EC0-301F-11D3-BF4B-00C04F79EFBC}") = "GeoDatabaseManager10", "SysMain\GeoDatabaseManager10.csproj", "{AA1A418B-A916-4CB2-AF82-598C2BCD7ACA}"
EndProject
Project("{FAE04EC0-301F-11D3-BF4B-00C04F79EFBC}") = "GeoDataCenterFunLib10", "GeoDataCenterFunLib\GeoDataCenterFunLib10.csproj", "{3818EC74-3C15-453D-B931-9AC6C80FACBE}"
EndProject
Project("{FAE04EC0-301F-11D3-BF4B-00C04F79EFBC}") = "GeoDataEdit10", "GeoDataEdit\GeoDataEdit10.csproj", "{D51F25A3-808D-425B-A9EE-6A0083EA7C04}"
EndProject
Project("{FAE04EC0-301F-11D3-BF4B-00C04F79EFBC}") = "GeoDataExport10", "GeoDataExport\GeoDataExport10.csproj", "{E7D4F3D0-5F20-40F8-AEDE-A5721FB69313}"
EndProject
Project("{FAE04EC0-301F-11D3-BF4B-00C04F79EFBC}") = "GeoDataManagerFrame10", "GeoDataManagerFrame\GeoDataManagerFrame10.csproj", "{B17E7876-59B1-42BA-8FEF-91EEDD824CD4}"
EndProject
Project("{FAE04EC0-301F-11D3-BF4B-00C04F79EFBC}") = "GeoDBATool10", "GeoDBATool\GeoDBATool10.csproj", "{FF2A49B7-7EF1-4716-9AC6-AA5E5CE4BCE6}"
EndProject
Project("{FAE04EC0-301F-11D3-BF4B-00C04F79EFBC}") = "GeoDBConfigFrame10", "GeoDBConfigFrame\GeoDBConfigFrame10.csproj", "{4C4CC191-01C9-43C0-8960-763C0E15279B}"
EndProject
Project("{FAE04EC0-301F-11D3-BF4B-00C04F79EFBC}") = "GeoDBIntegration10", "GeoDBIntegration\GeoDBIntegration10.csproj", "{A0D01675-C01C-493C-A708-DC5F3C82B777}"
EndProject
Project("{FAE04EC0-301F-11D3-BF4B-00C04F79EFBC}") = "GeoHistory10", "GeoHistory\GeoHistory10.csproj", "{608F46DD-90D2-4A72-8480-4E2352D0430E}"
EndProject
Project("{FAE04EC0-301F-11D3-BF4B-00C04F79EFBC}") = "GeoLayerTreeLib10", "GeoLayerTreeLib\GeoLayerTreeLib10.csproj", "{0C25A389-AF6B-4F28-B26D-421887556765}"
EndProject
Project("{FAE04EC0-301F-11D3-BF4B-00C04F79EFBC}") = "GeoPageLayout 10", "GeoPageLayout\GeoPageLayout 10.csproj", "{D3CB167C-AD3F-43EC-A764-7928845273BE}"
EndProject
Project("{FAE04EC0-301F-11D3-BF4B-00C04F79EFBC}") = "GeoProperties10", "GeoProperties\GeoProperties10.csproj", "{EEF92981-E4A8-4B7A-A168-E3AB968EC727}"
EndProject
Project("{FAE04EC0-301F-11D3-BF4B-00C04F79EFBC}") = "GeoStatistics10", "GeoStatistics\GeoStatistics10.csproj", "{B604B13E-570D-4D66-B6C7-FD372AEFAE0E}"
EndProject
Project("{FAE04EC0-301F-11D3-BF4B-00C04F79EFBC}") = "GeoSymbology10", "GeoSymbology\GeoSymbology10.csproj", "{6B8346C9-A2D1-4B59-8851-FD9AF28138CE}"
EndProject
Project("{FAE04EC0-301F-11D3-BF4B-00C04F79EFBC}") = "GeoSysSetting10", "GeoSysSetting\GeoSysSetting10.csproj", "{D7BFBFB1-2C1C-455F-8586-CEE1243C42E4}"
EndProject
Project("{FAE04EC0-301F-11D3-BF4B-00C04F79EFBC}") = "GeoSysUpdate10", "GeoSysUpdate\GeoSysUpdate10.csproj", "{F5E9312F-81B6-4A6B-ACE4-6745B39E047B}"
EndProject
Project("{FAE04EC0-301F-11D3-BF4B-00C04F79EFBC}") = "GeoUserManager10", "GeoUserManager\GeoUserManager10.csproj", "{37333902-A659-43EE-9A07-EB85AC148FBF}"
EndProject
Project("{FAE04EC0-301F-11D3-BF4B-00C04F79EFBC}") = "GeoUtilities10", "GeoUtilities\GeoUtilities10.csproj", "{13BF28E6-EE22-420C-99A7-D3B70E82CC8D}"
EndProject
Project("{FAE04EC0-301F-11D3-BF4B-00C04F79EFBC}") = "Plugin10", "Plugin\Plugin10.csproj", "{94E0B695-1A90-418E-AFAB-542E0728387B}"
EndProject
Project("{FAE04EC0-301F-11D3-BF4B-00C04F79EFBC}") = "SceneCommonTools10", "SceneCommonTools\SceneCommonTools10.csproj", "{3EBF6969-2466-4EC1-A4F3-D22B1CEA36DA}"
EndProject
Project("{FAE04EC0-301F-11D3-BF4B-00C04F79EFBC}") = "SysCommon10", "SysCommon\SysCommon10.csproj", "{D0B95A14-80D3-4D5F-B765-1F7CF761F981}"
EndProject
Global
	GlobalSection(SolutionConfigurationPlatforms) = preSolution
		Debug|Any CPU = Debug|Any CPU
		Debug|x64 = Debug|x64
		Debug|x86 = Debug|x86
		Release|Any CPU = Release|Any CPU
		Release|x64 = Release|x64
		Release|x86 = Release|x86
	EndGlobalSection
	GlobalSection(ProjectConfigurationPlatforms) = postSolution
		{9C301085-553E-4968-A0B6-493ABC74ACB0}.Debug|Any CPU.ActiveCfg = Debug|Any CPU
		{9C301085-553E-4968-A0B6-493ABC74ACB0}.Debug|Any CPU.Build.0 = Debug|Any CPU
		{9C301085-553E-4968-A0B6-493ABC74ACB0}.Debug|x64.ActiveCfg = Debug|Any CPU
		{9C301085-553E-4968-A0B6-493ABC74ACB0}.Debug|x86.ActiveCfg = Debug|Any CPU
		{9C301085-553E-4968-A0B6-493ABC74ACB0}.Debug|x86.Build.0 = Debug|Any CPU
		{9C301085-553E-4968-A0B6-493ABC74ACB0}.Release|Any CPU.ActiveCfg = Release|Any CPU
		{9C301085-553E-4968-A0B6-493ABC74ACB0}.Release|Any CPU.Build.0 = Release|Any CPU
		{9C301085-553E-4968-A0B6-493ABC74ACB0}.Release|x64.ActiveCfg = Release|Any CPU
		{9C301085-553E-4968-A0B6-493ABC74ACB0}.Release|x86.ActiveCfg = Release|Any CPU
		{FD4032B6-1D66-4464-86B6-40DC2EF15E18}.Debug|Any CPU.ActiveCfg = Debug|Any CPU
		{FD4032B6-1D66-4464-86B6-40DC2EF15E18}.Debug|Any CPU.Build.0 = Debug|Any CPU
		{FD4032B6-1D66-4464-86B6-40DC2EF15E18}.Debug|x64.ActiveCfg = Debug|x64
		{FD4032B6-1D66-4464-86B6-40DC2EF15E18}.Debug|x64.Build.0 = Debug|x64
		{FD4032B6-1D66-4464-86B6-40DC2EF15E18}.Debug|x86.ActiveCfg = Debug|x64
		{FD4032B6-1D66-4464-86B6-40DC2EF15E18}.Debug|x86.Build.0 = Debug|x64
		{FD4032B6-1D66-4464-86B6-40DC2EF15E18}.Release|Any CPU.ActiveCfg = Release|Any CPU
		{FD4032B6-1D66-4464-86B6-40DC2EF15E18}.Release|Any CPU.Build.0 = Release|Any CPU
		{FD4032B6-1D66-4464-86B6-40DC2EF15E18}.Release|x64.ActiveCfg = Release|x64
		{FD4032B6-1D66-4464-86B6-40DC2EF15E18}.Release|x64.Build.0 = Release|x64
		{FD4032B6-1D66-4464-86B6-40DC2EF15E18}.Release|x86.ActiveCfg = Release|x64
		{E2E538DF-8658-487A-908A-950E61647B25}.Debug|Any CPU.ActiveCfg = Debug|Any CPU
		{E2E538DF-8658-487A-908A-950E61647B25}.Debug|Any CPU.Build.0 = Debug|Any CPU
		{E2E538DF-8658-487A-908A-950E61647B25}.Debug|x64.ActiveCfg = Debug|Any CPU
		{E2E538DF-8658-487A-908A-950E61647B25}.Debug|x86.ActiveCfg = Debug|Any CPU
		{E2E538DF-8658-487A-908A-950E61647B25}.Debug|x86.Build.0 = Debug|Any CPU
		{E2E538DF-8658-487A-908A-950E61647B25}.Release|Any CPU.ActiveCfg = Release|Any CPU
		{E2E538DF-8658-487A-908A-950E61647B25}.Release|Any CPU.Build.0 = Release|Any CPU
		{E2E538DF-8658-487A-908A-950E61647B25}.Release|x64.ActiveCfg = Release|Any CPU
		{E2E538DF-8658-487A-908A-950E61647B25}.Release|x86.ActiveCfg = Release|Any CPU
		{09CE756C-CA8F-4D35-8E69-2F57A8DD94E3}.Debug|Any CPU.ActiveCfg = Debug|Any CPU
		{09CE756C-CA8F-4D35-8E69-2F57A8DD94E3}.Debug|Any CPU.Build.0 = Debug|Any CPU
		{09CE756C-CA8F-4D35-8E69-2F57A8DD94E3}.Debug|x64.ActiveCfg = Debug|Any CPU
		{09CE756C-CA8F-4D35-8E69-2F57A8DD94E3}.Debug|x86.ActiveCfg = Debug|Any CPU
		{09CE756C-CA8F-4D35-8E69-2F57A8DD94E3}.Debug|x86.Build.0 = Debug|Any CPU
		{09CE756C-CA8F-4D35-8E69-2F57A8DD94E3}.Release|Any CPU.ActiveCfg = Release|Any CPU
		{09CE756C-CA8F-4D35-8E69-2F57A8DD94E3}.Release|Any CPU.Build.0 = Release|Any CPU
		{09CE756C-CA8F-4D35-8E69-2F57A8DD94E3}.Release|x64.ActiveCfg = Release|Any CPU
		{09CE756C-CA8F-4D35-8E69-2F57A8DD94E3}.Release|x86.ActiveCfg = Release|Any CPU
		{3DABEB09-E1CD-4B99-8E1E-04DF3B777AA1}.Debug|Any CPU.ActiveCfg = Debug|Any CPU
		{3DABEB09-E1CD-4B99-8E1E-04DF3B777AA1}.Debug|Any CPU.Build.0 = Debug|Any CPU
		{3DABEB09-E1CD-4B99-8E1E-04DF3B777AA1}.Debug|x64.ActiveCfg = Debug|Any CPU
		{3DABEB09-E1CD-4B99-8E1E-04DF3B777AA1}.Debug|x86.ActiveCfg = Debug|Any CPU
		{3DABEB09-E1CD-4B99-8E1E-04DF3B777AA1}.Debug|x86.Build.0 = Debug|Any CPU
		{3DABEB09-E1CD-4B99-8E1E-04DF3B777AA1}.Release|Any CPU.ActiveCfg = Release|Any CPU
		{3DABEB09-E1CD-4B99-8E1E-04DF3B777AA1}.Release|Any CPU.Build.0 = Release|Any CPU
		{3DABEB09-E1CD-4B99-8E1E-04DF3B777AA1}.Release|x64.ActiveCfg = Release|Any CPU
		{3DABEB09-E1CD-4B99-8E1E-04DF3B777AA1}.Release|x86.ActiveCfg = Release|Any CPU
		{AA1A418B-A916-4CB2-AF82-598C2BCD7ACA}.Debug|Any CPU.ActiveCfg = Debug|Any CPU
		{AA1A418B-A916-4CB2-AF82-598C2BCD7ACA}.Debug|Any CPU.Build.0 = Debug|Any CPU
		{AA1A418B-A916-4CB2-AF82-598C2BCD7ACA}.Debug|x64.ActiveCfg = Debug|Any CPU
		{AA1A418B-A916-4CB2-AF82-598C2BCD7ACA}.Debug|x86.ActiveCfg = Debug|Any CPU
		{AA1A418B-A916-4CB2-AF82-598C2BCD7ACA}.Debug|x86.Build.0 = Debug|Any CPU
		{AA1A418B-A916-4CB2-AF82-598C2BCD7ACA}.Release|Any CPU.ActiveCfg = Release|Any CPU
		{AA1A418B-A916-4CB2-AF82-598C2BCD7ACA}.Release|Any CPU.Build.0 = Release|Any CPU
		{AA1A418B-A916-4CB2-AF82-598C2BCD7ACA}.Release|x64.ActiveCfg = Release|Any CPU
		{AA1A418B-A916-4CB2-AF82-598C2BCD7ACA}.Release|x86.ActiveCfg = Release|Any CPU
		{3818EC74-3C15-453D-B931-9AC6C80FACBE}.Debug|Any CPU.ActiveCfg = Debug|Any CPU
		{3818EC74-3C15-453D-B931-9AC6C80FACBE}.Debug|Any CPU.Build.0 = Debug|Any CPU
		{3818EC74-3C15-453D-B931-9AC6C80FACBE}.Debug|x64.ActiveCfg = Debug|Any CPU
		{3818EC74-3C15-453D-B931-9AC6C80FACBE}.Debug|x86.ActiveCfg = Debug|Any CPU
		{3818EC74-3C15-453D-B931-9AC6C80FACBE}.Debug|x86.Build.0 = Debug|Any CPU
		{3818EC74-3C15-453D-B931-9AC6C80FACBE}.Release|Any CPU.ActiveCfg = Release|Any CPU
		{3818EC74-3C15-453D-B931-9AC6C80FACBE}.Release|Any CPU.Build.0 = Release|Any CPU
		{3818EC74-3C15-453D-B931-9AC6C80FACBE}.Release|x64.ActiveCfg = Release|Any CPU
		{3818EC74-3C15-453D-B931-9AC6C80FACBE}.Release|x86.ActiveCfg = Release|Any CPU
		{D51F25A3-808D-425B-A9EE-6A0083EA7C04}.Debug|Any CPU.ActiveCfg = Debug|Any CPU
		{D51F25A3-808D-425B-A9EE-6A0083EA7C04}.Debug|Any CPU.Build.0 = Debug|Any CPU
		{D51F25A3-808D-425B-A9EE-6A0083EA7C04}.Debug|x64.ActiveCfg = Debug|Any CPU
		{D51F25A3-808D-425B-A9EE-6A0083EA7C04}.Debug|x86.ActiveCfg = Debug|Any CPU
		{D51F25A3-808D-425B-A9EE-6A0083EA7C04}.Debug|x86.Build.0 = Debug|Any CPU
		{D51F25A3-808D-425B-A9EE-6A0083EA7C04}.Release|Any CPU.ActiveCfg = Release|Any CPU
		{D51F25A3-808D-425B-A9EE-6A0083EA7C04}.Release|Any CPU.Build.0 = Release|Any CPU
		{D51F25A3-808D-425B-A9EE-6A0083EA7C04}.Release|x64.ActiveCfg = Release|Any CPU
		{D51F25A3-808D-425B-A9EE-6A0083EA7C04}.Release|x86.ActiveCfg = Release|Any CPU
		{E7D4F3D0-5F20-40F8-AEDE-A5721FB69313}.Debug|Any CPU.ActiveCfg = Debug|Any CPU
		{E7D4F3D0-5F20-40F8-AEDE-A5721FB69313}.Debug|Any CPU.Build.0 = Debug|Any CPU
		{E7D4F3D0-5F20-40F8-AEDE-A5721FB69313}.Debug|x64.ActiveCfg = Debug|Any CPU
		{E7D4F3D0-5F20-40F8-AEDE-A5721FB69313}.Debug|x86.ActiveCfg = Debug|Any CPU
		{E7D4F3D0-5F20-40F8-AEDE-A5721FB69313}.Debug|x86.Build.0 = Debug|Any CPU
		{E7D4F3D0-5F20-40F8-AEDE-A5721FB69313}.Release|Any CPU.ActiveCfg = Release|Any CPU
		{E7D4F3D0-5F20-40F8-AEDE-A5721FB69313}.Release|Any CPU.Build.0 = Release|Any CPU
		{E7D4F3D0-5F20-40F8-AEDE-A5721FB69313}.Release|x64.ActiveCfg = Release|Any CPU
		{E7D4F3D0-5F20-40F8-AEDE-A5721FB69313}.Release|x86.ActiveCfg = Release|Any CPU
		{B17E7876-59B1-42BA-8FEF-91EEDD824CD4}.Debug|Any CPU.ActiveCfg = Debug|Any CPU
		{B17E7876-59B1-42BA-8FEF-91EEDD824CD4}.Debug|Any CPU.Build.0 = Debug|Any CPU
		{B17E7876-59B1-42BA-8FEF-91EEDD824CD4}.Debug|x64.ActiveCfg = Debug|Any CPU
		{B17E7876-59B1-42BA-8FEF-91EEDD824CD4}.Debug|x86.ActiveCfg = Debug|Any CPU
		{B17E7876-59B1-42BA-8FEF-91EEDD824CD4}.Debug|x86.Build.0 = Debug|Any CPU
		{B17E7876-59B1-42BA-8FEF-91EEDD824CD4}.Release|Any CPU.ActiveCfg = Release|Any CPU
		{B17E7876-59B1-42BA-8FEF-91EEDD824CD4}.Release|Any CPU.Build.0 = Release|Any CPU
		{B17E7876-59B1-42BA-8FEF-91EEDD824CD4}.Release|x64.ActiveCfg = Release|Any CPU
		{B17E7876-59B1-42BA-8FEF-91EEDD824CD4}.Release|x86.ActiveCfg = Release|Any CPU
		{FF2A49B7-7EF1-4716-9AC6-AA5E5CE4BCE6}.Debug|Any CPU.ActiveCfg = Debug|Any CPU
		{FF2A49B7-7EF1-4716-9AC6-AA5E5CE4BCE6}.Debug|Any CPU.Build.0 = Debug|Any CPU
		{FF2A49B7-7EF1-4716-9AC6-AA5E5CE4BCE6}.Debug|x64.ActiveCfg = Debug|Any CPU
		{FF2A49B7-7EF1-4716-9AC6-AA5E5CE4BCE6}.Debug|x86.ActiveCfg = Debug|Any CPU
		{FF2A49B7-7EF1-4716-9AC6-AA5E5CE4BCE6}.Debug|x86.Build.0 = Debug|Any CPU
		{FF2A49B7-7EF1-4716-9AC6-AA5E5CE4BCE6}.Release|Any CPU.ActiveCfg = Release|Any CPU
		{FF2A49B7-7EF1-4716-9AC6-AA5E5CE4BCE6}.Release|Any CPU.Build.0 = Release|Any CPU
		{FF2A49B7-7EF1-4716-9AC6-AA5E5CE4BCE6}.Release|x64.ActiveCfg = Release|Any CPU
		{FF2A49B7-7EF1-4716-9AC6-AA5E5CE4BCE6}.Release|x86.ActiveCfg = Release|Any CPU
		{4C4CC191-01C9-43C0-8960-763C0E15279B}.Debug|Any CPU.ActiveCfg = Debug|Any CPU
		{4C4CC191-01C9-43C0-8960-763C0E15279B}.Debug|Any CPU.Build.0 = Debug|Any CPU
		{4C4CC191-01C9-43C0-8960-763C0E15279B}.Debug|x64.ActiveCfg = Debug|Any CPU
		{4C4CC191-01C9-43C0-8960-763C0E15279B}.Debug|x86.ActiveCfg = Debug|Any CPU
		{4C4CC191-01C9-43C0-8960-763C0E15279B}.Debug|x86.Build.0 = Debug|Any CPU
		{4C4CC191-01C9-43C0-8960-763C0E15279B}.Release|Any CPU.ActiveCfg = Release|Any CPU
		{4C4CC191-01C9-43C0-8960-763C0E15279B}.Release|Any CPU.Build.0 = Release|Any CPU
		{4C4CC191-01C9-43C0-8960-763C0E15279B}.Release|x64.ActiveCfg = Release|Any CPU
		{4C4CC191-01C9-43C0-8960-763C0E15279B}.Release|x86.ActiveCfg = Release|Any CPU
		{A0D01675-C01C-493C-A708-DC5F3C82B777}.Debug|Any CPU.ActiveCfg = Debug|Any CPU
		{A0D01675-C01C-493C-A708-DC5F3C82B777}.Debug|Any CPU.Build.0 = Debug|Any CPU
		{A0D01675-C01C-493C-A708-DC5F3C82B777}.Debug|x64.ActiveCfg = Debug|Any CPU
		{A0D01675-C01C-493C-A708-DC5F3C82B777}.Debug|x86.ActiveCfg = Debug|Any CPU
		{A0D01675-C01C-493C-A708-DC5F3C82B777}.Debug|x86.Build.0 = Debug|Any CPU
		{A0D01675-C01C-493C-A708-DC5F3C82B777}.Release|Any CPU.ActiveCfg = Release|Any CPU
		{A0D01675-C01C-493C-A708-DC5F3C82B777}.Release|Any CPU.Build.0 = Release|Any CPU
		{A0D01675-C01C-493C-A708-DC5F3C82B777}.Release|x64.ActiveCfg = Release|Any CPU
		{A0D01675-C01C-493C-A708-DC5F3C82B777}.Release|x86.ActiveCfg = Release|Any CPU
		{608F46DD-90D2-4A72-8480-4E2352D0430E}.Debug|Any CPU.ActiveCfg = Debug|Any CPU
		{608F46DD-90D2-4A72-8480-4E2352D0430E}.Debug|Any CPU.Build.0 = Debug|Any CPU
		{608F46DD-90D2-4A72-8480-4E2352D0430E}.Debug|x64.ActiveCfg = Debug|Any CPU
		{608F46DD-90D2-4A72-8480-4E2352D0430E}.Debug|x86.ActiveCfg = Debug|Any CPU
		{608F46DD-90D2-4A72-8480-4E2352D0430E}.Debug|x86.Build.0 = Debug|Any CPU
		{608F46DD-90D2-4A72-8480-4E2352D0430E}.Release|Any CPU.ActiveCfg = Release|Any CPU
		{608F46DD-90D2-4A72-8480-4E2352D0430E}.Release|Any CPU.Build.0 = Release|Any CPU
		{608F46DD-90D2-4A72-8480-4E2352D0430E}.Release|x64.ActiveCfg = Release|Any CPU
		{608F46DD-90D2-4A72-8480-4E2352D0430E}.Release|x86.ActiveCfg = Release|Any CPU
		{0C25A389-AF6B-4F28-B26D-421887556765}.Debug|Any CPU.ActiveCfg = Debug|Any CPU
		{0C25A389-AF6B-4F28-B26D-421887556765}.Debug|Any CPU.Build.0 = Debug|Any CPU
		{0C25A389-AF6B-4F28-B26D-421887556765}.Debug|x64.ActiveCfg = Debug|Any CPU
		{0C25A389-AF6B-4F28-B26D-421887556765}.Debug|x86.ActiveCfg = Debug|Any CPU
		{0C25A389-AF6B-4F28-B26D-421887556765}.Debug|x86.Build.0 = Debug|Any CPU
		{0C25A389-AF6B-4F28-B26D-421887556765}.Release|Any CPU.ActiveCfg = Release|Any CPU
		{0C25A389-AF6B-4F28-B26D-421887556765}.Release|Any CPU.Build.0 = Release|Any CPU
		{0C25A389-AF6B-4F28-B26D-421887556765}.Release|x64.ActiveCfg = Release|Any CPU
		{0C25A389-AF6B-4F28-B26D-421887556765}.Release|x86.ActiveCfg = Release|Any CPU
		{D3CB167C-AD3F-43EC-A764-7928845273BE}.Debug|Any CPU.ActiveCfg = Debug|Any CPU
		{D3CB167C-AD3F-43EC-A764-7928845273BE}.Debug|Any CPU.Build.0 = Debug|Any CPU
		{D3CB167C-AD3F-43EC-A764-7928845273BE}.Debug|x64.ActiveCfg = Debug|Any CPU
		{D3CB167C-AD3F-43EC-A764-7928845273BE}.Debug|x86.ActiveCfg = Debug|Any CPU
		{D3CB167C-AD3F-43EC-A764-7928845273BE}.Debug|x86.Build.0 = Debug|Any CPU
		{D3CB167C-AD3F-43EC-A764-7928845273BE}.Release|Any CPU.ActiveCfg = Release|Any CPU
		{D3CB167C-AD3F-43EC-A764-7928845273BE}.Release|Any CPU.Build.0 = Release|Any CPU
		{D3CB167C-AD3F-43EC-A764-7928845273BE}.Release|x64.ActiveCfg = Release|Any CPU
		{D3CB167C-AD3F-43EC-A764-7928845273BE}.Release|x86.ActiveCfg = Release|Any CPU
		{EEF92981-E4A8-4B7A-A168-E3AB968EC727}.Debug|Any CPU.ActiveCfg = Debug|Any CPU
		{EEF92981-E4A8-4B7A-A168-E3AB968EC727}.Debug|Any CPU.Build.0 = Debug|Any CPU
		{EEF92981-E4A8-4B7A-A168-E3AB968EC727}.Debug|x64.ActiveCfg = Debug|Any CPU
		{EEF92981-E4A8-4B7A-A168-E3AB968EC727}.Debug|x86.ActiveCfg = Debug|Any CPU
		{EEF92981-E4A8-4B7A-A168-E3AB968EC727}.Debug|x86.Build.0 = Debug|Any CPU
		{EEF92981-E4A8-4B7A-A168-E3AB968EC727}.Release|Any CPU.ActiveCfg = Release|Any CPU
		{EEF92981-E4A8-4B7A-A168-E3AB968EC727}.Release|Any CPU.Build.0 = Release|Any CPU
		{EEF92981-E4A8-4B7A-A168-E3AB968EC727}.Release|x64.ActiveCfg = Release|Any CPU
		{EEF92981-E4A8-4B7A-A168-E3AB968EC727}.Release|x86.ActiveCfg = Release|Any CPU
		{B604B13E-570D-4D66-B6C7-FD372AEFAE0E}.Debug|Any CPU.ActiveCfg = Debug|Any CPU
		{B604B13E-570D-4D66-B6C7-FD372AEFAE0E}.Debug|Any CPU.Build.0 = Debug|Any CPU
		{B604B13E-570D-4D66-B6C7-FD372AEFAE0E}.Debug|x64.ActiveCfg = Debug|x86
		{B604B13E-570D-4D66-B6C7-FD372AEFAE0E}.Debug|x86.ActiveCfg = Debug|x86
		{B604B13E-570D-4D66-B6C7-FD372AEFAE0E}.Debug|x86.Build.0 = Debug|x86
		{B604B13E-570D-4D66-B6C7-FD372AEFAE0E}.Release|Any CPU.ActiveCfg = Release|Any CPU
		{B604B13E-570D-4D66-B6C7-FD372AEFAE0E}.Release|Any CPU.Build.0 = Release|Any CPU
		{B604B13E-570D-4D66-B6C7-FD372AEFAE0E}.Release|x64.ActiveCfg = Release|x86
		{B604B13E-570D-4D66-B6C7-FD372AEFAE0E}.Release|x86.ActiveCfg = Release|x86
		{B604B13E-570D-4D66-B6C7-FD372AEFAE0E}.Release|x86.Build.0 = Release|x86
		{6B8346C9-A2D1-4B59-8851-FD9AF28138CE}.Debug|Any CPU.ActiveCfg = Debug|Any CPU
		{6B8346C9-A2D1-4B59-8851-FD9AF28138CE}.Debug|Any CPU.Build.0 = Debug|Any CPU
		{6B8346C9-A2D1-4B59-8851-FD9AF28138CE}.Debug|x64.ActiveCfg = Debug|Any CPU
		{6B8346C9-A2D1-4B59-8851-FD9AF28138CE}.Debug|x86.ActiveCfg = Debug|Any CPU
		{6B8346C9-A2D1-4B59-8851-FD9AF28138CE}.Debug|x86.Build.0 = Debug|Any CPU
		{6B8346C9-A2D1-4B59-8851-FD9AF28138CE}.Release|Any CPU.ActiveCfg = Release|Any CPU
		{6B8346C9-A2D1-4B59-8851-FD9AF28138CE}.Release|Any CPU.Build.0 = Release|Any CPU
		{6B8346C9-A2D1-4B59-8851-FD9AF28138CE}.Release|x64.ActiveCfg = Release|Any CPU
		{6B8346C9-A2D1-4B59-8851-FD9AF28138CE}.Release|x86.ActiveCfg = Release|Any CPU
		{D7BFBFB1-2C1C-455F-8586-CEE1243C42E4}.Debug|Any CPU.ActiveCfg = Debug|Any CPU
		{D7BFBFB1-2C1C-455F-8586-CEE1243C42E4}.Debug|Any CPU.Build.0 = Debug|Any CPU
		{D7BFBFB1-2C1C-455F-8586-CEE1243C42E4}.Debug|x64.ActiveCfg = Debug|Any CPU
		{D7BFBFB1-2C1C-455F-8586-CEE1243C42E4}.Debug|x86.ActiveCfg = Debug|Any CPU
		{D7BFBFB1-2C1C-455F-8586-CEE1243C42E4}.Debug|x86.Build.0 = Debug|Any CPU
		{D7BFBFB1-2C1C-455F-8586-CEE1243C42E4}.Release|Any CPU.ActiveCfg = Release|Any CPU
		{D7BFBFB1-2C1C-455F-8586-CEE1243C42E4}.Release|Any CPU.Build.0 = Release|Any CPU
		{D7BFBFB1-2C1C-455F-8586-CEE1243C42E4}.Release|x64.ActiveCfg = Release|Any CPU
		{D7BFBFB1-2C1C-455F-8586-CEE1243C42E4}.Release|x86.ActiveCfg = Release|Any CPU
		{F5E9312F-81B6-4A6B-ACE4-6745B39E047B}.Debug|Any CPU.ActiveCfg = Debug|Any CPU
		{F5E9312F-81B6-4A6B-ACE4-6745B39E047B}.Debug|Any CPU.Build.0 = Debug|Any CPU
		{F5E9312F-81B6-4A6B-ACE4-6745B39E047B}.Debug|x64.ActiveCfg = Debug|x86
		{F5E9312F-81B6-4A6B-ACE4-6745B39E047B}.Debug|x86.ActiveCfg = Debug|x86
		{F5E9312F-81B6-4A6B-ACE4-6745B39E047B}.Debug|x86.Build.0 = Debug|x86
		{F5E9312F-81B6-4A6B-ACE4-6745B39E047B}.Release|Any CPU.ActiveCfg = Release|Any CPU
		{F5E9312F-81B6-4A6B-ACE4-6745B39E047B}.Release|Any CPU.Build.0 = Release|Any CPU
		{F5E9312F-81B6-4A6B-ACE4-6745B39E047B}.Release|x64.ActiveCfg = Release|x86
		{F5E9312F-81B6-4A6B-ACE4-6745B39E047B}.Release|x86.ActiveCfg = Release|x86
		{F5E9312F-81B6-4A6B-ACE4-6745B39E047B}.Release|x86.Build.0 = Release|x86
		{37333902-A659-43EE-9A07-EB85AC148FBF}.Debug|Any CPU.ActiveCfg = Debug|Any CPU
		{37333902-A659-43EE-9A07-EB85AC148FBF}.Debug|Any CPU.Build.0 = Debug|Any CPU
		{37333902-A659-43EE-9A07-EB85AC148FBF}.Debug|x64.ActiveCfg = Debug|x86
		{37333902-A659-43EE-9A07-EB85AC148FBF}.Debug|x86.ActiveCfg = Debug|x86
		{37333902-A659-43EE-9A07-EB85AC148FBF}.Debug|x86.Build.0 = Debug|x86
		{37333902-A659-43EE-9A07-EB85AC148FBF}.Release|Any CPU.ActiveCfg = Release|Any CPU
		{37333902-A659-43EE-9A07-EB85AC148FBF}.Release|Any CPU.Build.0 = Release|Any CPU
		{37333902-A659-43EE-9A07-EB85AC148FBF}.Release|x64.ActiveCfg = Release|x86
		{37333902-A659-43EE-9A07-EB85AC148FBF}.Release|x86.ActiveCfg = Release|x86
		{37333902-A659-43EE-9A07-EB85AC148FBF}.Release|x86.Build.0 = Release|x86
		{13BF28E6-EE22-420C-99A7-D3B70E82CC8D}.Debug|Any CPU.ActiveCfg = Debug|Any CPU
		{13BF28E6-EE22-420C-99A7-D3B70E82CC8D}.Debug|Any CPU.Build.0 = Debug|Any CPU
		{13BF28E6-EE22-420C-99A7-D3B70E82CC8D}.Debug|x64.ActiveCfg = Debug|Any CPU
		{13BF28E6-EE22-420C-99A7-D3B70E82CC8D}.Debug|x86.ActiveCfg = Debug|Any CPU
		{13BF28E6-EE22-420C-99A7-D3B70E82CC8D}.Debug|x86.Build.0 = Debug|Any CPU
		{13BF28E6-EE22-420C-99A7-D3B70E82CC8D}.Release|Any CPU.ActiveCfg = Release|Any CPU
		{13BF28E6-EE22-420C-99A7-D3B70E82CC8D}.Release|Any CPU.Build.0 = Release|Any CPU
		{13BF28E6-EE22-420C-99A7-D3B70E82CC8D}.Release|x64.ActiveCfg = Release|Any CPU
		{13BF28E6-EE22-420C-99A7-D3B70E82CC8D}.Release|x86.ActiveCfg = Release|Any CPU
		{94E0B695-1A90-418E-AFAB-542E0728387B}.Debug|Any CPU.ActiveCfg = Debug|Any CPU
		{94E0B695-1A90-418E-AFAB-542E0728387B}.Debug|Any CPU.Build.0 = Debug|Any CPU
		{94E0B695-1A90-418E-AFAB-542E0728387B}.Debug|x64.ActiveCfg = Debug|Any CPU
		{94E0B695-1A90-418E-AFAB-542E0728387B}.Debug|x86.ActiveCfg = Debug|Any CPU
		{94E0B695-1A90-418E-AFAB-542E0728387B}.Debug|x86.Build.0 = Debug|Any CPU
		{94E0B695-1A90-418E-AFAB-542E0728387B}.Release|Any CPU.ActiveCfg = Release|Any CPU
		{94E0B695-1A90-418E-AFAB-542E0728387B}.Release|Any CPU.Build.0 = Release|Any CPU
		{94E0B695-1A90-418E-AFAB-542E0728387B}.Release|x64.ActiveCfg = Release|Any CPU
		{94E0B695-1A90-418E-AFAB-542E0728387B}.Release|x86.ActiveCfg = Release|Any CPU
		{3EBF6969-2466-4EC1-A4F3-D22B1CEA36DA}.Debug|Any CPU.ActiveCfg = Debug|Any CPU
		{3EBF6969-2466-4EC1-A4F3-D22B1CEA36DA}.Debug|Any CPU.Build.0 = Debug|Any CPU
		{3EBF6969-2466-4EC1-A4F3-D22B1CEA36DA}.Debug|x64.ActiveCfg = Debug|Any CPU
		{3EBF6969-2466-4EC1-A4F3-D22B1CEA36DA}.Debug|x86.ActiveCfg = Debug|Any CPU
		{3EBF6969-2466-4EC1-A4F3-D22B1CEA36DA}.Debug|x86.Build.0 = Debug|Any CPU
		{3EBF6969-2466-4EC1-A4F3-D22B1CEA36DA}.Release|Any CPU.ActiveCfg = Release|Any CPU
		{3EBF6969-2466-4EC1-A4F3-D22B1CEA36DA}.Release|Any CPU.Build.0 = Release|Any CPU
		{3EBF6969-2466-4EC1-A4F3-D22B1CEA36DA}.Release|x64.ActiveCfg = Release|Any CPU
		{3EBF6969-2466-4EC1-A4F3-D22B1CEA36DA}.Release|x86.ActiveCfg = Release|Any CPU
		{D0B95A14-80D3-4D5F-B765-1F7CF761F981}.Debug|Any CPU.ActiveCfg = Debug|Any CPU
		{D0B95A14-80D3-4D5F-B765-1F7CF761F981}.Debug|Any CPU.Build.0 = Debug|Any CPU
		{D0B95A14-80D3-4D5F-B765-1F7CF761F981}.Debug|x64.ActiveCfg = Debug|Any CPU
		{D0B95A14-80D3-4D5F-B765-1F7CF761F981}.Debug|x86.ActiveCfg = Debug|Any CPU
		{D0B95A14-80D3-4D5F-B765-1F7CF761F981}.Debug|x86.Build.0 = Debug|Any CPU
		{D0B95A14-80D3-4D5F-B765-1F7CF761F981}.Release|Any CPU.ActiveCfg = Release|Any CPU
		{D0B95A14-80D3-4D5F-B765-1F7CF761F981}.Release|Any CPU.Build.0 = Release|Any CPU
		{D0B95A14-80D3-4D5F-B765-1F7CF761F981}.Release|x64.ActiveCfg = Release|Any CPU
		{D0B95A14-80D3-4D5F-B765-1F7CF761F981}.Release|x86.ActiveCfg = Release|Any CPU
	EndGlobalSection
	GlobalSection(SolutionProperties) = preSolution
		HideSolutionNode = FALSE
	EndGlobalSection
	GlobalSection(ExtensibilityGlobals) = postSolution
		VisualSVNWorkingCopyRoot = .
	EndGlobalSection
EndGlobal
